// !$*UTF8*$!
{
	archiveVersion = 1;
	classes = {
	};
	objectVersion = 56;
	objects = {

/* Begin PBXBuildFile section */
		5687505255B514043E4A376D /* Pods_BirthdayReminder_BirthdayReminderUITests.framework in Frameworks */ = {isa = PBXBuildFile; fileRef = A5809E5B57130293F24E234A /* Pods_BirthdayReminder_BirthdayReminderUITests.framework */; };
		D531A3D42C220A9600956E9A /* AppDelegate.swift in Sources */ = {isa = PBXBuildFile; fileRef = D531A3D32C220A9600956E9A /* AppDelegate.swift */; };
		D531A3D62C220A9600956E9A /* SceneDelegate.swift in Sources */ = {isa = PBXBuildFile; fileRef = D531A3D52C220A9600956E9A /* SceneDelegate.swift */; };
		D531A3D82C220A9600956E9A /* ViewController.swift in Sources */ = {isa = PBXBuildFile; fileRef = D531A3D72C220A9600956E9A /* ViewController.swift */; };
		D531A3DB2C220A9600956E9A /* Main.storyboard in Resources */ = {isa = PBXBuildFile; fileRef = D531A3D92C220A9600956E9A /* Main.storyboard */; };
		D531A3DE2C220A9600956E9A /* BirthdayReminder.xcdatamodeld in Sources */ = {isa = PBXBuildFile; fileRef = D531A3DC2C220A9600956E9A /* BirthdayReminder.xcdatamodeld */; };
		D531A3E02C220A9700956E9A /* Assets.xcassets in Resources */ = {isa = PBXBuildFile; fileRef = D531A3DF2C220A9700956E9A /* Assets.xcassets */; };
		D531A3E32C220A9700956E9A /* LaunchScreen.storyboard in Resources */ = {isa = PBXBuildFile; fileRef = D531A3E12C220A9700956E9A /* LaunchScreen.storyboard */; };
		D531A3EE2C220A9700956E9A /* BirthdayReminderTests.swift in Sources */ = {isa = PBXBuildFile; fileRef = D531A3ED2C220A9700956E9A /* BirthdayReminderTests.swift */; };
		D531A3F82C220A9700956E9A /* BirthdayReminderUITests.swift in Sources */ = {isa = PBXBuildFile; fileRef = D531A3F72C220A9700956E9A /* BirthdayReminderUITests.swift */; };
		D531A3FA2C220A9700956E9A /* BirthdayReminderUITestsLaunchTests.swift in Sources */ = {isa = PBXBuildFile; fileRef = D531A3F92C220A9700956E9A /* BirthdayReminderUITestsLaunchTests.swift */; };
		D544056D915E24D9F7FC6DBF /* Pods_BirthdayReminder.framework in Frameworks */ = {isa = PBXBuildFile; fileRef = 8B377A027F1277C2C1A28B8F /* Pods_BirthdayReminder.framework */; };
		D5718F622C220F7A008AC1B0 /* TagVC.swift in Sources */ = {isa = PBXBuildFile; fileRef = D5718F612C220F7A008AC1B0 /* TagVC.swift */; };
		D5718F642C220FB6008AC1B0 /* CalendarVC.swift in Sources */ = {isa = PBXBuildFile; fileRef = D5718F632C220FB6008AC1B0 /* CalendarVC.swift */; };
		D5718F662C2228A0008AC1B0 /* AddNewGroupVC.swift in Sources */ = {isa = PBXBuildFile; fileRef = D5718F652C2228A0008AC1B0 /* AddNewGroupVC.swift */; };
		D5718F7B2C223BA1008AC1B0 /* Group+CoreDataClass.swift in Sources */ = {isa = PBXBuildFile; fileRef = D5718F772C223BA1008AC1B0 /* Group+CoreDataClass.swift */; };
		D5718F7C2C223BA1008AC1B0 /* Group+CoreDataProperties.swift in Sources */ = {isa = PBXBuildFile; fileRef = D5718F782C223BA1008AC1B0 /* Group+CoreDataProperties.swift */; };
		D5718F7D2C223BA1008AC1B0 /* Birthday+CoreDataClass.swift in Sources */ = {isa = PBXBuildFile; fileRef = D5718F792C223BA1008AC1B0 /* Birthday+CoreDataClass.swift */; };
		D5718F7E2C223BA1008AC1B0 /* Birthday+CoreDataProperties.swift in Sources */ = {isa = PBXBuildFile; fileRef = D5718F7A2C223BA1008AC1B0 /* Birthday+CoreDataProperties.swift */; };
		D5718F802C235897008AC1B0 /* IconPickerVC.swift in Sources */ = {isa = PBXBuildFile; fileRef = D5718F7F2C235897008AC1B0 /* IconPickerVC.swift */; };
		D5718F822C2358B3008AC1B0 /* ColorPickerVC.swift in Sources */ = {isa = PBXBuildFile; fileRef = D5718F812C2358B3008AC1B0 /* ColorPickerVC.swift */; };
		D5718F862C23639A008AC1B0 /* AddNewBirthdayVC.swift in Sources */ = {isa = PBXBuildFile; fileRef = D5718F852C23639A008AC1B0 /* AddNewBirthdayVC.swift */; };
		D5718F8A2C2376DA008AC1B0 /* Date+Extensions.swift in Sources */ = {isa = PBXBuildFile; fileRef = D5718F892C2376DA008AC1B0 /* Date+Extensions.swift */; };
		D5718F902C2377FD008AC1B0 /* Color+Extensions.swift in Sources */ = {isa = PBXBuildFile; fileRef = D5718F8F2C2377FD008AC1B0 /* Color+Extensions.swift */; };
		D5B934B42C24DBED006D2C09 /* BirthdayVC.swift in Sources */ = {isa = PBXBuildFile; fileRef = D5B934B32C24DBED006D2C09 /* BirthdayVC.swift */; };
		D5B934B62C24DC83006D2C09 /* BirthdayCell.swift in Sources */ = {isa = PBXBuildFile; fileRef = D5B934B52C24DC83006D2C09 /* BirthdayCell.swift */; };
		D5B934B82C24DCBB006D2C09 /* BirthdayMessageVC.swift in Sources */ = {isa = PBXBuildFile; fileRef = D5B934B72C24DCBB006D2C09 /* BirthdayMessageVC.swift */; };
		D5B934BA2C24DCDB006D2C09 /* GroupCell.swift in Sources */ = {isa = PBXBuildFile; fileRef = D5B934B92C24DCDB006D2C09 /* GroupCell.swift */; };
		713EEC311D204F91A4FC1C04 /* AuthenticationManager.swift in Sources */ = {isa = PBXBuildFile; fileRef = D91299295EDF4EF4934BBDD4 /* AuthenticationManager.swift */; };
		C6FC9EF3F82642B69B0E70B8 /* AuthenticationViewController.swift in Sources */ = {isa = PBXBuildFile; fileRef = B37896DB709A4EAF8A216DED /* AuthenticationViewController.swift */; };
		B53639A4B10744CA86DE54AA /* GoogleService-Info.plist in Resources */ = {isa = PBXBuildFile; fileRef = A42B0243B0CB4BCEB6090B07 /* GoogleService-Info.plist */; };
		A17E2FB83F254418A220511B /* FirestoreManager.swift in Sources */ = {isa = PBXBuildFile; fileRef = 8E55AC61A0AA4D18860D3EF3 /* FirestoreManager.swift */; };
		7E2FFFC6C244467885AE38BB /* FirestoreModels.swift in Sources */ = {isa = PBXBuildFile; fileRef = 66B7E7E673634080AFD421EF /* FirestoreModels.swift */; };
		D99090F8B30D579B67E24882 /* Pods_BirthdayReminderTests.framework in Frameworks */ = {isa = PBXBuildFile; fileRef = D47F794A8FBF0A763A9CF863 /* Pods_BirthdayReminderTests.framework */; };
/* End PBXBuildFile section */

/* Begin PBXContainerItemProxy section */
		D531A3EA2C220A9700956E9A /* PBXContainerItemProxy */ = {
			isa = PBXContainerItemProxy;
			containerPortal = D531A3C82C220A9600956E9A /* Project object */;
			proxyType = 1;
			remoteGlobalIDString = D531A3CF2C220A9600956E9A;
			remoteInfo = BirthdayReminder;
		};
		D531A3F42C220A9700956E9A /* PBXContainerItemProxy */ = {
			isa = PBXContainerItemProxy;
			containerPortal = D531A3C82C220A9600956E9A /* Project object */;
			proxyType = 1;
			remoteGlobalIDString = D531A3CF2C220A9600956E9A;
			remoteInfo = BirthdayReminder;
		};
/* End PBXContainerItemProxy section */

/* Begin PBXFileReference section */
		1B03AEF21D3D90456658C01B /* Pods-BirthdayReminder-BirthdayReminderUITests.release.xcconfig */ = {isa = PBXFileReference; includeInIndex = 1; lastKnownFileType = text.xcconfig; name = "Pods-BirthdayReminder-BirthdayReminderUITests.release.xcconfig"; path = "Target Support Files/Pods-BirthdayReminder-BirthdayReminderUITests/Pods-BirthdayReminder-BirthdayReminderUITests.release.xcconfig"; sourceTree = "<group>"; };
		316F71675379E50E6456F6D5 /* Pods-BirthdayReminder.release.xcconfig */ = {isa = PBXFileReference; includeInIndex = 1; lastKnownFileType = text.xcconfig; name = "Pods-BirthdayReminder.release.xcconfig"; path = "Target Support Files/Pods-BirthdayReminder/Pods-BirthdayReminder.release.xcconfig"; sourceTree = "<group>"; };
		8B377A027F1277C2C1A28B8F /* Pods_BirthdayReminder.framework */ = {isa = PBXFileReference; explicitFileType = wrapper.framework; includeInIndex = 0; path = Pods_BirthdayReminder.framework; sourceTree = BUILT_PRODUCTS_DIR; };
		96507D420BCFD0A99C4A7AA3 /* Pods-BirthdayReminder.debug.xcconfig */ = {isa = PBXFileReference; includeInIndex = 1; lastKnownFileType = text.xcconfig; name = "Pods-BirthdayReminder.debug.xcconfig"; path = "Target Support Files/Pods-BirthdayReminder/Pods-BirthdayReminder.debug.xcconfig"; sourceTree = "<group>"; };
		A5809E5B57130293F24E234A /* Pods_BirthdayReminder_BirthdayReminderUITests.framework */ = {isa = PBXFileReference; explicitFileType = wrapper.framework; includeInIndex = 0; path = Pods_BirthdayReminder_BirthdayReminderUITests.framework; sourceTree = BUILT_PRODUCTS_DIR; };
		D47F794A8FBF0A763A9CF863 /* Pods_BirthdayReminderTests.framework */ = {isa = PBXFileReference; explicitFileType = wrapper.framework; includeInIndex = 0; path = Pods_BirthdayReminderTests.framework; sourceTree = BUILT_PRODUCTS_DIR; };
		D531A3D02C220A9600956E9A /* BirthdayReminder.app */ = {isa = PBXFileReference; explicitFileType = wrapper.application; includeInIndex = 0; path = BirthdayReminder.app; sourceTree = BUILT_PRODUCTS_DIR; };
		D531A3D32C220A9600956E9A /* AppDelegate.swift */ = {isa = PBXFileReference; lastKnownFileType = sourcecode.swift; path = AppDelegate.swift; sourceTree = "<group>"; };
		D531A3D52C220A9600956E9A /* SceneDelegate.swift */ = {isa = PBXFileReference; lastKnownFileType = sourcecode.swift; path = SceneDelegate.swift; sourceTree = "<group>"; };
		D531A3D72C220A9600956E9A /* ViewController.swift */ = {isa = PBXFileReference; lastKnownFileType = sourcecode.swift; path = ViewController.swift; sourceTree = "<group>"; };
		D531A3DA2C220A9600956E9A /* Base */ = {isa = PBXFileReference; lastKnownFileType = file.storyboard; name = Base; path = Base.lproj/Main.storyboard; sourceTree = "<group>"; };
		D531A3DD2C220A9600956E9A /* BirthdayReminder.xcdatamodel */ = {isa = PBXFileReference; lastKnownFileType = wrapper.xcdatamodel; path = BirthdayReminder.xcdatamodel; sourceTree = "<group>"; };
		D531A3DF2C220A9700956E9A /* Assets.xcassets */ = {isa = PBXFileReference; lastKnownFileType = folder.assetcatalog; path = Assets.xcassets; sourceTree = "<group>"; };
		D531A3E22C220A9700956E9A /* Base */ = {isa = PBXFileReference; lastKnownFileType = file.storyboard; name = Base; path = Base.lproj/LaunchScreen.storyboard; sourceTree = "<group>"; };
		D531A3E42C220A9700956E9A /* Info.plist */ = {isa = PBXFileReference; lastKnownFileType = text.plist.xml; path = Info.plist; sourceTree = "<group>"; };
		D531A3E92C220A9700956E9A /* BirthdayReminderTests.xctest */ = {isa = PBXFileReference; explicitFileType = wrapper.cfbundle; includeInIndex = 0; path = BirthdayReminderTests.xctest; sourceTree = BUILT_PRODUCTS_DIR; };
		D531A3ED2C220A9700956E9A /* BirthdayReminderTests.swift */ = {isa = PBXFileReference; lastKnownFileType = sourcecode.swift; path = BirthdayReminderTests.swift; sourceTree = "<group>"; };
		D531A3F32C220A9700956E9A /* BirthdayReminderUITests.xctest */ = {isa = PBXFileReference; explicitFileType = wrapper.cfbundle; includeInIndex = 0; path = BirthdayReminderUITests.xctest; sourceTree = BUILT_PRODUCTS_DIR; };
		D531A3F72C220A9700956E9A /* BirthdayReminderUITests.swift */ = {isa = PBXFileReference; lastKnownFileType = sourcecode.swift; path = BirthdayReminderUITests.swift; sourceTree = "<group>"; };
		D531A3F92C220A9700956E9A /* BirthdayReminderUITestsLaunchTests.swift */ = {isa = PBXFileReference; lastKnownFileType = sourcecode.swift; path = BirthdayReminderUITestsLaunchTests.swift; sourceTree = "<group>"; };
		D5718F612C220F7A008AC1B0 /* TagVC.swift */ = {isa = PBXFileReference; lastKnownFileType = sourcecode.swift; path = TagVC.swift; sourceTree = "<group>"; };
		D5718F632C220FB6008AC1B0 /* CalendarVC.swift */ = {isa = PBXFileReference; lastKnownFileType = sourcecode.swift; path = CalendarVC.swift; sourceTree = "<group>"; };
		D5718F652C2228A0008AC1B0 /* AddNewGroupVC.swift */ = {isa = PBXFileReference; lastKnownFileType = sourcecode.swift; path = AddNewGroupVC.swift; sourceTree = "<group>"; };
		D5718F772C223BA1008AC1B0 /* Group+CoreDataClass.swift */ = {isa = PBXFileReference; lastKnownFileType = sourcecode.swift; path = "Group+CoreDataClass.swift"; sourceTree = "<group>"; };
		D5718F782C223BA1008AC1B0 /* Group+CoreDataProperties.swift */ = {isa = PBXFileReference; lastKnownFileType = sourcecode.swift; path = "Group+CoreDataProperties.swift"; sourceTree = "<group>"; };
		D5718F792C223BA1008AC1B0 /* Birthday+CoreDataClass.swift */ = {isa = PBXFileReference; lastKnownFileType = sourcecode.swift; path = "Birthday+CoreDataClass.swift"; sourceTree = "<group>"; };
		D5718F7A2C223BA1008AC1B0 /* Birthday+CoreDataProperties.swift */ = {isa = PBXFileReference; lastKnownFileType = sourcecode.swift; path = "Birthday+CoreDataProperties.swift"; sourceTree = "<group>"; };
		D5718F7F2C235897008AC1B0 /* IconPickerVC.swift */ = {isa = PBXFileReference; lastKnownFileType = sourcecode.swift; path = IconPickerVC.swift; sourceTree = "<group>"; };
		D5718F812C2358B3008AC1B0 /* ColorPickerVC.swift */ = {isa = PBXFileReference; lastKnownFileType = sourcecode.swift; path = ColorPickerVC.swift; sourceTree = "<group>"; };
		D5718F852C23639A008AC1B0 /* AddNewBirthdayVC.swift */ = {isa = PBXFileReference; lastKnownFileType = sourcecode.swift; path = AddNewBirthdayVC.swift; sourceTree = "<group>"; };
		D5718F892C2376DA008AC1B0 /* Date+Extensions.swift */ = {isa = PBXFileReference; lastKnownFileType = sourcecode.swift; path = "Date+Extensions.swift"; sourceTree = "<group>"; };
		D5718F8F2C2377FD008AC1B0 /* Color+Extensions.swift */ = {isa = PBXFileReference; lastKnownFileType = sourcecode.swift; path = "Color+Extensions.swift"; sourceTree = "<group>"; };
		D596C83843272D7A5B7DF2B7 /* Pods-BirthdayReminderTests.debug.xcconfig */ = {isa = PBXFileReference; includeInIndex = 1; lastKnownFileType = text.xcconfig; name = "Pods-BirthdayReminderTests.debug.xcconfig"; path = "Target Support Files/Pods-BirthdayReminderTests/Pods-BirthdayReminderTests.debug.xcconfig"; sourceTree = "<group>"; };
		D5B934B32C24DBED006D2C09 /* BirthdayVC.swift */ = {isa = PBXFileReference; lastKnownFileType = sourcecode.swift; path = BirthdayVC.swift; sourceTree = "<group>"; };
		D5B934B52C24DC83006D2C09 /* BirthdayCell.swift */ = {isa = PBXFileReference; lastKnownFileType = sourcecode.swift; path = BirthdayCell.swift; sourceTree = "<group>"; };
		D5B934B72C24DCBB006D2C09 /* BirthdayMessageVC.swift */ = {isa = PBXFileReference; lastKnownFileType = sourcecode.swift; path = BirthdayMessageVC.swift; sourceTree = "<group>"; };
		D5B934B92C24DCDB006D2C09 /* GroupCell.swift */ = {isa = PBXFileReference; lastKnownFileType = sourcecode.swift; path = GroupCell.swift; sourceTree = "<group>"; };
		D91299295EDF4EF4934BBDD4 /* AuthenticationManager.swift */ = {isa = PBXFileReference; lastKnownFileType = sourcecode.swift; path = AuthenticationManager.swift; sourceTree = "<group>"; };
		B37896DB709A4EAF8A216DED /* AuthenticationViewController.swift */ = {isa = PBXFileReference; lastKnownFileType = sourcecode.swift; path = AuthenticationViewController.swift; sourceTree = "<group>"; };
		A42B0243B0CB4BCEB6090B07 /* GoogleService-Info.plist */ = {isa = PBXFileReference; fileEncoding = 4; lastKnownFileType = text.plist.xml; path = "GoogleService-Info.plist"; sourceTree = "<group>"; };
		8E55AC61A0AA4D18860D3EF3 /* FirestoreManager.swift */ = {isa = PBXFileReference; lastKnownFileType = sourcecode.swift; path = FirestoreManager.swift; sourceTree = "<group>"; };
		66B7E7E673634080AFD421EF /* FirestoreModels.swift */ = {isa = PBXFileReference; lastKnownFileType = sourcecode.swift; path = FirestoreModels.swift; sourceTree = "<group>"; };
		E8EAFAC7745134D2A3DD2E7A /* Pods-BirthdayReminderTests.release.xcconfig */ = {isa = PBXFileReference; includeInIndex = 1; lastKnownFileType = text.xcconfig; name = "Pods-BirthdayReminderTests.release.xcconfig"; path = "Target Support Files/Pods-BirthdayReminderTests/Pods-BirthdayReminderTests.release.xcconfig"; sourceTree = "<group>"; };
		FB76610F82F91D9BB4981591 /* Pods-BirthdayReminder-BirthdayReminderUITests.debug.xcconfig */ = {isa = PBXFileReference; includeInIndex = 1; lastKnownFileType = text.xcconfig; name = "Pods-BirthdayReminder-BirthdayReminderUITests.debug.xcconfig"; path = "Target Support Files/Pods-BirthdayReminder-BirthdayReminderUITests/Pods-BirthdayReminder-BirthdayReminderUITests.debug.xcconfig"; sourceTree = "<group>"; };
/* End PBXFileReference section */

/* Begin PBXFrameworksBuildPhase section */
		D531A3CD2C220A9600956E9A /* Frameworks */ = {
			isa = PBXFrameworksBuildPhase;
			buildActionMask = 2147483647;
			files = (
				D544056D915E24D9F7FC6DBF /* Pods_BirthdayReminder.framework in Frameworks */,
			);
			runOnlyForDeploymentPostprocessing = 0;
		};
		D531A3E62C220A9700956E9A /* Frameworks */ = {
			isa = PBXFrameworksBuildPhase;
			buildActionMask = 2147483647;
			files = (
				D99090F8B30D579B67E24882 /* Pods_BirthdayReminderTests.framework in Frameworks */,
			);
			runOnlyForDeploymentPostprocessing = 0;
		};
		D531A3F02C220A9700956E9A /* Frameworks */ = {
			isa = PBXFrameworksBuildPhase;
			buildActionMask = 2147483647;
			files = (
				5687505255B514043E4A376D /* Pods_BirthdayReminder_BirthdayReminderUITests.framework in Frameworks */,
			);
			runOnlyForDeploymentPostprocessing = 0;
		};
/* End PBXFrameworksBuildPhase section */

/* Begin PBXGroup section */
		232619034D6235F09E9EB4E4 /* Pods */ = {
			isa = PBXGroup;
			children = (
				96507D420BCFD0A99C4A7AA3 /* Pods-BirthdayReminder.debug.xcconfig */,
				316F71675379E50E6456F6D5 /* Pods-BirthdayReminder.release.xcconfig */,
				FB76610F82F91D9BB4981591 /* Pods-BirthdayReminder-BirthdayReminderUITests.debug.xcconfig */,
				1B03AEF21D3D90456658C01B /* Pods-BirthdayReminder-BirthdayReminderUITests.release.xcconfig */,
				D596C83843272D7A5B7DF2B7 /* Pods-BirthdayReminderTests.debug.xcconfig */,
				E8EAFAC7745134D2A3DD2E7A /* Pods-BirthdayReminderTests.release.xcconfig */,
			);
			path = Pods;
			sourceTree = "<group>";
		};
		72A3E7F2351683BDED7A54AF /* Frameworks */ = {
			isa = PBXGroup;
			children = (
				8B377A027F1277C2C1A28B8F /* Pods_BirthdayReminder.framework */,
				A5809E5B57130293F24E234A /* Pods_BirthdayReminder_BirthdayReminderUITests.framework */,
				D47F794A8FBF0A763A9CF863 /* Pods_BirthdayReminderTests.framework */,
			);
			name = Frameworks;
			sourceTree = "<group>";
		};
		D531A3C72C220A9600956E9A = {
			isa = PBXGroup;
			children = (
				D531A3D22C220A9600956E9A /* BirthdayReminder */,
				D531A3EC2C220A9700956E9A /* BirthdayReminderTests */,
				D531A3F62C220A9700956E9A /* BirthdayReminderUITests */,
				D531A3D12C220A9600956E9A /* Products */,
				232619034D6235F09E9EB4E4 /* Pods */,
				72A3E7F2351683BDED7A54AF /* Frameworks */,
			);
			sourceTree = "<group>";
		};
		D531A3D12C220A9600956E9A /* Products */ = {
			isa = PBXGroup;
			children = (
				D531A3D02C220A9600956E9A /* BirthdayReminder.app */,
				D531A3E92C220A9700956E9A /* BirthdayReminderTests.xctest */,
				D531A3F32C220A9700956E9A /* BirthdayReminderUITests.xctest */,
			);
			name = Products;
			sourceTree = "<group>";
		};
		D531A3D22C220A9600956E9A /* BirthdayReminder */ = {
			isa = PBXGroup;
			children = (
				D5718F8F2C2377FD008AC1B0 /* Color+Extensions.swift */,
				D5718F892C2376DA008AC1B0 /* Date+Extensions.swift */,
				D5718F772C223BA1008AC1B0 /* Group+CoreDataClass.swift */,
				D5718F782C223BA1008AC1B0 /* Group+CoreDataProperties.swift */,
				D5718F792C223BA1008AC1B0 /* Birthday+CoreDataClass.swift */,
				D5718F7A2C223BA1008AC1B0 /* Birthday+CoreDataProperties.swift */,
				D5718F632C220FB6008AC1B0 /* CalendarVC.swift */,
				D5718F852C23639A008AC1B0 /* AddNewBirthdayVC.swift */,
				D5718F652C2228A0008AC1B0 /* AddNewGroupVC.swift */,
				D5B934B32C24DBED006D2C09 /* BirthdayVC.swift */,
				D5B934B72C24DCBB006D2C09 /* BirthdayMessageVC.swift */,
				D5B934B52C24DC83006D2C09 /* BirthdayCell.swift */,
				D5B934B92C24DCDB006D2C09 /* GroupCell.swift */,
				D5718F812C2358B3008AC1B0 /* ColorPickerVC.swift */,
				D5718F612C220F7A008AC1B0 /* TagVC.swift */,
				D91299295EDF4EF4934BBDD4 /* AuthenticationManager.swift */,
				B37896DB709A4EAF8A216DED /* AuthenticationViewController.swift */,
				8E55AC61A0AA4D18860D3EF3 /* FirestoreManager.swift */,
				66B7E7E673634080AFD421EF /* FirestoreModels.swift */,
				D5718F7F2C235897008AC1B0 /* IconPickerVC.swift */,
				D531A3D32C220A9600956E9A /* AppDelegate.swift */,
				D531A3D52C220A9600956E9A /* SceneDelegate.swift */,
				D531A3D72C220A9600956E9A /* ViewController.swift */,
				D531A3D92C220A9600956E9A /* Main.storyboard */,
				D531A3DF2C220A9700956E9A /* Assets.xcassets */,
				D531A3E12C220A9700956E9A /* LaunchScreen.storyboard */,
				D531A3E42C220A9700956E9A /* Info.plist */,
				A42B0243B0CB4BCEB6090B07 /* GoogleService-Info.plist */,
				D531A3DC2C220A9600956E9A /* BirthdayReminder.xcdatamodeld */,
			);
			path = BirthdayReminder;
			sourceTree = "<group>";
		};
		D531A3EC2C220A9700956E9A /* BirthdayReminderTests */ = {
			isa = PBXGroup;
			children = (
				D531A3ED2C220A9700956E9A /* BirthdayReminderTests.swift */,
			);
			path = BirthdayReminderTests;
			sourceTree = "<group>";
		};
		D531A3F62C220A9700956E9A /* BirthdayReminderUITests */ = {
			isa = PBXGroup;
			children = (
				D531A3F72C220A9700956E9A /* BirthdayReminderUITests.swift */,
				D531A3F92C220A9700956E9A /* BirthdayReminderUITestsLaunchTests.swift */,
			);
			path = BirthdayReminderUITests;
			sourceTree = "<group>";
		};
/* End PBXGroup section */

/* Begin PBXNativeTarget section */
		D531A3CF2C220A9600956E9A /* BirthdayReminder */ = {
			isa = PBXNativeTarget;
			buildConfigurationList = D531A3FD2C220A9700956E9A /* Build configuration list for PBXNativeTarget "BirthdayReminder" */;
			buildPhases = (
				85554041D5AAD11ECCB15BBE /* [CP] Check Pods Manifest.lock */,
				D531A3CC2C220A9600956E9A /* Sources */,
				D531A3CD2C220A9600956E9A /* Frameworks */,
				D531A3CE2C220A9600956E9A /* Resources */,
				B99FE87306BD9AE839AB2338 /* [CP] Embed Pods Frameworks */,
			);
			buildRules = (
			);
			dependencies = (
			);
			name = BirthdayReminder;
			productName = BirthdayReminder;
			productReference = D531A3D02C220A9600956E9A /* BirthdayReminder.app */;
			productType = "com.apple.product-type.application";
		};
		D531A3E82C220A9700956E9A /* BirthdayReminderTests */ = {
			isa = PBXNativeTarget;
			buildConfigurationList = D531A4002C220A9700956E9A /* Build configuration list for PBXNativeTarget "BirthdayReminderTests" */;
			buildPhases = (
				7511F68AD0718B539C601555 /* [CP] Check Pods Manifest.lock */,
				D531A3E52C220A9700956E9A /* Sources */,
				D531A3E62C220A9700956E9A /* Frameworks */,
				D531A3E72C220A9700956E9A /* Resources */,
			);
			buildRules = (
			);
			dependencies = (
				D531A3EB2C220A9700956E9A /* PBXTargetDependency */,
			);
			name = BirthdayReminderTests;
			productName = BirthdayReminderTests;
			productReference = D531A3E92C220A9700956E9A /* BirthdayReminderTests.xctest */;
			productType = "com.apple.product-type.bundle.unit-test";
		};
		D531A3F22C220A9700956E9A /* BirthdayReminderUITests */ = {
			isa = PBXNativeTarget;
			buildConfigurationList = D531A4032C220A9700956E9A /* Build configuration list for PBXNativeTarget "BirthdayReminderUITests" */;
			buildPhases = (
				E7B0E2DE6F172625A66530E2 /* [CP] Check Pods Manifest.lock */,
				D531A3EF2C220A9700956E9A /* Sources */,
				D531A3F02C220A9700956E9A /* Frameworks */,
				D531A3F12C220A9700956E9A /* Resources */,
				636ED530AC0C938055E28792 /* [CP] Embed Pods Frameworks */,
			);
			buildRules = (
			);
			dependencies = (
				D531A3F52C220A9700956E9A /* PBXTargetDependency */,
			);
			name = BirthdayReminderUITests;
			productName = BirthdayReminderUITests;
			productReference = D531A3F32C220A9700956E9A /* BirthdayReminderUITests.xctest */;
			productType = "com.apple.product-type.bundle.ui-testing";
		};
/* End PBXNativeTarget section */

/* Begin PBXProject section */
		D531A3C82C220A9600956E9A /* Project object */ = {
			isa = PBXProject;
			attributes = {
				BuildIndependentTargetsInParallel = 1;
				LastSwiftUpdateCheck = 1500;
				LastUpgradeCheck = 1500;
				TargetAttributes = {
					D531A3CF2C220A9600956E9A = {
						CreatedOnToolsVersion = 15.0;
					};
					D531A3E82C220A9700956E9A = {
						CreatedOnToolsVersion = 15.0;
						TestTargetID = D531A3CF2C220A9600956E9A;
					};
					D531A3F22C220A9700956E9A = {
						CreatedOnToolsVersion = 15.0;
						TestTargetID = D531A3CF2C220A9600956E9A;
					};
				};
			};
			buildConfigurationList = D531A3CB2C220A9600956E9A /* Build configuration list for PBXProject "BirthdayReminder" */;
			compatibilityVersion = "Xcode 14.0";
			developmentRegion = en;
			hasScannedForEncodings = 0;
			knownRegions = (
				en,
				Base,
			);
			mainGroup = D531A3C72C220A9600956E9A;
			productRefGroup = D531A3D12C220A9600956E9A /* Products */;
			projectDirPath = "";
			projectRoot = "";
			targets = (
				D531A3CF2C220A9600956E9A /* BirthdayReminder */,
				D531A3E82C220A9700956E9A /* BirthdayReminderTests */,
				D531A3F22C220A9700956E9A /* BirthdayReminderUITests */,
			);
		};
/* End PBXProject section */

/* Begin PBXResourcesBuildPhase section */
		D531A3CE2C220A9600956E9A /* Resources */ = {
			isa = PBXResourcesBuildPhase;
			buildActionMask = 2147483647;
			files = (
				D531A3E32C220A9700956E9A /* LaunchScreen.storyboard in Resources */,
				D531A3E02C220A9700956E9A /* Assets.xcassets in Resources */,
				D531A3DB2C220A9600956E9A /* Main.storyboard in Resources */,
				B53639A4B10744CA86DE54AA /* GoogleService-Info.plist in Resources */,
			);
			runOnlyForDeploymentPostprocessing = 0;
		};
		D531A3E72C220A9700956E9A /* Resources */ = {
			isa = PBXResourcesBuildPhase;
			buildActionMask = 2147483647;
			files = (
			);
			runOnlyForDeploymentPostprocessing = 0;
		};
		D531A3F12C220A9700956E9A /* Resources */ = {
			isa = PBXResourcesBuildPhase;
			buildActionMask = 2147483647;
			files = (
			);
			runOnlyForDeploymentPostprocessing = 0;
		};
/* End PBXResourcesBuildPhase section */

/* Begin PBXShellScriptBuildPhase section */
		636ED530AC0C938055E28792 /* [CP] Embed Pods Frameworks */ = {
			isa = PBXShellScriptBuildPhase;
			buildActionMask = 2147483647;
			files = (
			);
			inputFileListPaths = (
				"${PODS_ROOT}/Target Support Files/Pods-BirthdayReminder-BirthdayReminderUITests/Pods-BirthdayReminder-BirthdayReminderUITests-frameworks-${CONFIGURATION}-input-files.xcfilelist",
			);
			name = "[CP] Embed Pods Frameworks";
			outputFileListPaths = (
				"${PODS_ROOT}/Target Support Files/Pods-BirthdayReminder-BirthdayReminderUITests/Pods-BirthdayReminder-BirthdayReminderUITests-frameworks-${CONFIGURATION}-output-files.xcfilelist",
			);
			runOnlyForDeploymentPostprocessing = 0;
			shellPath = /bin/sh;
			shellScript = "\"${PODS_ROOT}/Target Support Files/Pods-BirthdayReminder-BirthdayReminderUITests/Pods-BirthdayReminder-BirthdayReminderUITests-frameworks.sh\"\n";
			showEnvVarsInLog = 0;
		};
		7511F68AD0718B539C601555 /* [CP] Check Pods Manifest.lock */ = {
			isa = PBXShellScriptBuildPhase;
			buildActionMask = 2147483647;
			files = (
			);
			inputFileListPaths = (
			);
			inputPaths = (
				"${PODS_PODFILE_DIR_PATH}/Podfile.lock",
				"${PODS_ROOT}/Manifest.lock",
			);
			name = "[CP] Check Pods Manifest.lock";
			outputFileListPaths = (
			);
			outputPaths = (
				"$(DERIVED_FILE_DIR)/Pods-BirthdayReminderTests-checkManifestLockResult.txt",
			);
			runOnlyForDeploymentPostprocessing = 0;
			shellPath = /bin/sh;
			shellScript = "diff \"${PODS_PODFILE_DIR_PATH}/Podfile.lock\" \"${PODS_ROOT}/Manifest.lock\" > /dev/null\nif [ $? != 0 ] ; then\n    # print error to STDERR\n    echo \"error: The sandbox is not in sync with the Podfile.lock. Run 'pod install' or update your CocoaPods installation.\" >&2\n    exit 1\nfi\n# This output is used by Xcode 'outputs' to avoid re-running this script phase.\necho \"SUCCESS\" > \"${SCRIPT_OUTPUT_FILE_0}\"\n";
			showEnvVarsInLog = 0;
		};
		85554041D5AAD11ECCB15BBE /* [CP] Check Pods Manifest.lock */ = {
			isa = PBXShellScriptBuildPhase;
			buildActionMask = 2147483647;
			files = (
			);
			inputFileListPaths = (
			);
			inputPaths = (
				"${PODS_PODFILE_DIR_PATH}/Podfile.lock",
				"${PODS_ROOT}/Manifest.lock",
			);
			name = "[CP] Check Pods Manifest.lock";
			outputFileListPaths = (
			);
			outputPaths = (
				"$(DERIVED_FILE_DIR)/Pods-BirthdayReminder-checkManifestLockResult.txt",
			);
			runOnlyForDeploymentPostprocessing = 0;
			shellPath = /bin/sh;
			shellScript = "diff \"${PODS_PODFILE_DIR_PATH}/Podfile.lock\" \"${PODS_ROOT}/Manifest.lock\" > /dev/null\nif [ $? != 0 ] ; then\n    # print error to STDERR\n    echo \"error: The sandbox is not in sync with the Podfile.lock. Run 'pod install' or update your CocoaPods installation.\" >&2\n    exit 1\nfi\n# This output is used by Xcode 'outputs' to avoid re-running this script phase.\necho \"SUCCESS\" > \"${SCRIPT_OUTPUT_FILE_0}\"\n";
			showEnvVarsInLog = 0;
		};
		B99FE87306BD9AE839AB2338 /* [CP] Embed Pods Frameworks */ = {
			isa = PBXShellScriptBuildPhase;
			buildActionMask = 2147483647;
			files = (
			);
			inputFileListPaths = (
				"${PODS_ROOT}/Target Support Files/Pods-BirthdayReminder/Pods-BirthdayReminder-frameworks-${CONFIGURATION}-input-files.xcfilelist",
			);
			name = "[CP] Embed Pods Frameworks";
			outputFileListPaths = (
				"${PODS_ROOT}/Target Support Files/Pods-BirthdayReminder/Pods-BirthdayReminder-frameworks-${CONFIGURATION}-output-files.xcfilelist",
			);
			runOnlyForDeploymentPostprocessing = 0;
			shellPath = /bin/sh;
			shellScript = "\"${PODS_ROOT}/Target Support Files/Pods-BirthdayReminder/Pods-BirthdayReminder-frameworks.sh\"\n";
			showEnvVarsInLog = 0;
		};
		E7B0E2DE6F172625A66530E2 /* [CP] Check Pods Manifest.lock */ = {
			isa = PBXShellScriptBuildPhase;
			buildActionMask = 2147483647;
			files = (
			);
			inputFileListPaths = (
			);
			inputPaths = (
				"${PODS_PODFILE_DIR_PATH}/Podfile.lock",
				"${PODS_ROOT}/Manifest.lock",
			);
			name = "[CP] Check Pods Manifest.lock";
			outputFileListPaths = (
			);
			outputPaths = (
				"$(DERIVED_FILE_DIR)/Pods-BirthdayReminder-BirthdayReminderUITests-checkManifestLockResult.txt",
			);
			runOnlyForDeploymentPostprocessing = 0;
			shellPath = /bin/sh;
			shellScript = "diff \"${PODS_PODFILE_DIR_PATH}/Podfile.lock\" \"${PODS_ROOT}/Manifest.lock\" > /dev/null\nif [ $? != 0 ] ; then\n    # print error to STDERR\n    echo \"error: The sandbox is not in sync with the Podfile.lock. Run 'pod install' or update your CocoaPods installation.\" >&2\n    exit 1\nfi\n# This output is used by Xcode 'outputs' to avoid re-running this script phase.\necho \"SUCCESS\" > \"${SCRIPT_OUTPUT_FILE_0}\"\n";
			showEnvVarsInLog = 0;
		};
/* End PBXShellScriptBuildPhase section */

/* Begin PBXSourcesBuildPhase section */
		D531A3CC2C220A9600956E9A /* Sources */ = {
			isa = PBXSourcesBuildPhase;
			buildActionMask = 2147483647;
			files = (
				D531A3D82C220A9600956E9A /* ViewController.swift in Sources */,
				D5718F802C235897008AC1B0 /* IconPickerVC.swift in Sources */,
				D531A3D42C220A9600956E9A /* AppDelegate.swift in Sources */,
				D5718F642C220FB6008AC1B0 /* CalendarVC.swift in Sources */,
				D5B934B62C24DC83006D2C09 /* BirthdayCell.swift in Sources */,
				D5718F622C220F7A008AC1B0 /* TagVC.swift in Sources */,
				D531A3DE2C220A9600956E9A /* BirthdayReminder.xcdatamodeld in Sources */,
				D5718F8A2C2376DA008AC1B0 /* Date+Extensions.swift in Sources */,
				D5718F862C23639A008AC1B0 /* AddNewBirthdayVC.swift in Sources */,
				D5718F7B2C223BA1008AC1B0 /* Group+CoreDataClass.swift in Sources */,
				D5718F662C2228A0008AC1B0 /* AddNewGroupVC.swift in Sources */,
				D5B934B82C24DCBB006D2C09 /* BirthdayMessageVC.swift in Sources */,
				D5718F7C2C223BA1008AC1B0 /* Group+CoreDataProperties.swift in Sources */,
				D5718F7D2C223BA1008AC1B0 /* Birthday+CoreDataClass.swift in Sources */,
				D5718F902C2377FD008AC1B0 /* Color+Extensions.swift in Sources */,
				D5B934BA2C24DCDB006D2C09 /* GroupCell.swift in Sources */,
				D5718F822C2358B3008AC1B0 /* ColorPickerVC.swift in Sources */,
				D5718F7E2C223BA1008AC1B0 /* Birthday+CoreDataProperties.swift in Sources */,
				D531A3D62C220A9600956E9A /* SceneDelegate.swift in Sources */,
				D5B934B42C24DBED006D2C09 /* BirthdayVC.swift in Sources */,
				713EEC311D204F91A4FC1C04 /* AuthenticationManager.swift in Sources */,
				C6FC9EF3F82642B69B0E70B8 /* AuthenticationViewController.swift in Sources */,
				A17E2FB83F254418A220511B /* FirestoreManager.swift in Sources */,
				7E2FFFC6C244467885AE38BB /* FirestoreModels.swift in Sources */,
			);
			runOnlyForDeploymentPostprocessing = 0;
		};
		D531A3E52C220A9700956E9A /* Sources */ = {
			isa = PBXSourcesBuildPhase;
			buildActionMask = 2147483647;
			files = (
				D531A3EE2C220A9700956E9A /* BirthdayReminderTests.swift in Sources */,
			);
			runOnlyForDeploymentPostprocessing = 0;
		};
		D531A3EF2C220A9700956E9A /* Sources */ = {
			isa = PBXSourcesBuildPhase;
			buildActionMask = 2147483647;
			files = (
				D531A3F82C220A9700956E9A /* BirthdayReminderUITests.swift in Sources */,
				D531A3FA2C220A9700956E9A /* BirthdayReminderUITestsLaunchTests.swift in Sources */,
			);
			runOnlyForDeploymentPostprocessing = 0;
		};
/* End PBXSourcesBuildPhase section */

/* Begin PBXTargetDependency section */
		D531A3EB2C220A9700956E9A /* PBXTargetDependency */ = {
			isa = PBXTargetDependency;
			target = D531A3CF2C220A9600956E9A /* BirthdayReminder */;
			targetProxy = D531A3EA2C220A9700956E9A /* PBXContainerItemProxy */;
		};
		D531A3F52C220A9700956E9A /* PBXTargetDependency */ = {
			isa = PBXTargetDependency;
			target = D531A3CF2C220A9600956E9A /* BirthdayReminder */;
			targetProxy = D531A3F42C220A9700956E9A /* PBXContainerItemProxy */;
		};
/* End PBXTargetDependency section */

/* Begin PBXVariantGroup section */
		D531A3D92C220A9600956E9A /* Main.storyboard */ = {
			isa = PBXVariantGroup;
			children = (
				D531A3DA2C220A9600956E9A /* Base */,
			);
			name = Main.storyboard;
			sourceTree = "<group>";
		};
		D531A3E12C220A9700956E9A /* LaunchScreen.storyboard */ = {
			isa = PBXVariantGroup;
			children = (
				D531A3E22C220A9700956E9A /* Base */,
			);
			name = LaunchScreen.storyboard;
			sourceTree = "<group>";
		};
/* End PBXVariantGroup section */

/* Begin XCBuildConfiguration section */
		D531A3FB2C220A9700956E9A /* Debug */ = {
			isa = XCBuildConfiguration;
			buildSettings = {
				ALWAYS_SEARCH_USER_PATHS = NO;
				ASSETCATALOG_COMPILER_GENERATE_SWIFT_ASSET_SYMBOL_EXTENSIONS = YES;
				CLANG_ANALYZER_NONNULL = YES;
				CLANG_ANALYZER_NUMBER_OBJECT_CONVERSION = YES_AGGRESSIVE;
				CLANG_CXX_LANGUAGE_STANDARD = "gnu++20";
				CLANG_ENABLE_MODULES = YES;
				CLANG_ENABLE_OBJC_ARC = YES;
				CLANG_ENABLE_OBJC_WEAK = YES;
				CLANG_WARN_BLOCK_CAPTURE_AUTORELEASING = YES;
				CLANG_WARN_BOOL_CONVERSION = YES;
				CLANG_WARN_COMMA = YES;
				CLANG_WARN_CONSTANT_CONVERSION = YES;
				CLANG_WARN_DEPRECATED_OBJC_IMPLEMENTATIONS = YES;
				CLANG_WARN_DIRECT_OBJC_ISA_USAGE = YES_ERROR;
				CLANG_WARN_DOCUMENTATION_COMMENTS = YES;
				CLANG_WARN_EMPTY_BODY = YES;
				CLANG_WARN_ENUM_CONVERSION = YES;
				CLANG_WARN_INFINITE_RECURSION = YES;
				CLANG_WARN_INT_CONVERSION = YES;
				CLANG_WARN_NON_LITERAL_NULL_CONVERSION = YES;
				CLANG_WARN_OBJC_IMPLICIT_RETAIN_SELF = YES;
				CLANG_WARN_OBJC_LITERAL_CONVERSION = YES;
				CLANG_WARN_OBJC_ROOT_CLASS = YES_ERROR;
				CLANG_WARN_QUOTED_INCLUDE_IN_FRAMEWORK_HEADER = YES;
				CLANG_WARN_RANGE_LOOP_ANALYSIS = YES;
				CLANG_WARN_STRICT_PROTOTYPES = YES;
				CLANG_WARN_SUSPICIOUS_MOVE = YES;
				CLANG_WARN_UNGUARDED_AVAILABILITY = YES_AGGRESSIVE;
				CLANG_WARN_UNREACHABLE_CODE = YES;
				CLANG_WARN__DUPLICATE_METHOD_MATCH = YES;
				COPY_PHASE_STRIP = NO;
				DEBUG_INFORMATION_FORMAT = dwarf;
				ENABLE_STRICT_OBJC_MSGSEND = YES;
				ENABLE_TESTABILITY = YES;
				ENABLE_USER_SCRIPT_SANDBOXING = YES;
				GCC_C_LANGUAGE_STANDARD = gnu17;
				GCC_DYNAMIC_NO_PIC = NO;
				GCC_NO_COMMON_BLOCKS = YES;
				GCC_OPTIMIZATION_LEVEL = 0;
				GCC_PREPROCESSOR_DEFINITIONS = (
					"DEBUG=1",
					"$(inherited)",
				);
				GCC_WARN_64_TO_32_BIT_CONVERSION = YES;
				GCC_WARN_ABOUT_RETURN_TYPE = YES_ERROR;
				GCC_WARN_UNDECLARED_SELECTOR = YES;
				GCC_WARN_UNINITIALIZED_AUTOS = YES_AGGRESSIVE;
				GCC_WARN_UNUSED_FUNCTION = YES;
				GCC_WARN_UNUSED_VARIABLE = YES;
				IPHONEOS_DEPLOYMENT_TARGET = 17.0;
				LOCALIZATION_PREFERS_STRING_CATALOGS = YES;
				MTL_ENABLE_DEBUG_INFO = INCLUDE_SOURCE;
				MTL_FAST_MATH = YES;
				ONLY_ACTIVE_ARCH = YES;
				SDKROOT = iphoneos;
				SWIFT_ACTIVE_COMPILATION_CONDITIONS = "DEBUG $(inherited)";
				SWIFT_OPTIMIZATION_LEVEL = "-Onone";
			};
			name = Debug;
		};
		D531A3FC2C220A9700956E9A /* Release */ = {
			isa = XCBuildConfiguration;
			buildSettings = {
				ALWAYS_SEARCH_USER_PATHS = NO;
				ASSETCATALOG_COMPILER_GENERATE_SWIFT_ASSET_SYMBOL_EXTENSIONS = YES;
				CLANG_ANALYZER_NONNULL = YES;
				CLANG_ANALYZER_NUMBER_OBJECT_CONVERSION = YES_AGGRESSIVE;
				CLANG_CXX_LANGUAGE_STANDARD = "gnu++20";
				CLANG_ENABLE_MODULES = YES;
				CLANG_ENABLE_OBJC_ARC = YES;
				CLANG_ENABLE_OBJC_WEAK = YES;
				CLANG_WARN_BLOCK_CAPTURE_AUTORELEASING = YES;
				CLANG_WARN_BOOL_CONVERSION = YES;
				CLANG_WARN_COMMA = YES;
				CLANG_WARN_CONSTANT_CONVERSION = YES;
				CLANG_WARN_DEPRECATED_OBJC_IMPLEMENTATIONS = YES;
				CLANG_WARN_DIRECT_OBJC_ISA_USAGE = YES_ERROR;
				CLANG_WARN_DOCUMENTATION_COMMENTS = YES;
				CLANG_WARN_EMPTY_BODY = YES;
				CLANG_WARN_ENUM_CONVERSION = YES;
				CLANG_WARN_INFINITE_RECURSION = YES;
				CLANG_WARN_INT_CONVERSION = YES;
				CLANG_WARN_NON_LITERAL_NULL_CONVERSION = YES;
				CLANG_WARN_OBJC_IMPLICIT_RETAIN_SELF = YES;
				CLANG_WARN_OBJC_LITERAL_CONVERSION = YES;
				CLANG_WARN_OBJC_ROOT_CLASS = YES_ERROR;
				CLANG_WARN_QUOTED_INCLUDE_IN_FRAMEWORK_HEADER = YES;
				CLANG_WARN_RANGE_LOOP_ANALYSIS = YES;
				CLANG_WARN_STRICT_PROTOTYPES = YES;
				CLANG_WARN_SUSPICIOUS_MOVE = YES;
				CLANG_WARN_UNGUARDED_AVAILABILITY = YES_AGGRESSIVE;
				CLANG_WARN_UNREACHABLE_CODE = YES;
				CLANG_WARN__DUPLICATE_METHOD_MATCH = YES;
				COPY_PHASE_STRIP = NO;
				DEBUG_INFORMATION_FORMAT = "dwarf-with-dsym";
				ENABLE_NS_ASSERTIONS = NO;
				ENABLE_STRICT_OBJC_MSGSEND = YES;
				ENABLE_USER_SCRIPT_SANDBOXING = YES;
				GCC_C_LANGUAGE_STANDARD = gnu17;
				GCC_NO_COMMON_BLOCKS = YES;
				GCC_WARN_64_TO_32_BIT_CONVERSION = YES;
				GCC_WARN_ABOUT_RETURN_TYPE = YES_ERROR;
				GCC_WARN_UNDECLARED_SELECTOR = YES;
				GCC_WARN_UNINITIALIZED_AUTOS = YES_AGGRESSIVE;
				GCC_WARN_UNUSED_FUNCTION = YES;
				GCC_WARN_UNUSED_VARIABLE = YES;
				IPHONEOS_DEPLOYMENT_TARGET = 17.0;
				LOCALIZATION_PREFERS_STRING_CATALOGS = YES;
				MTL_ENABLE_DEBUG_INFO = NO;
				MTL_FAST_MATH = YES;
				SDKROOT = iphoneos;
				SWIFT_COMPILATION_MODE = wholemodule;
				VALIDATE_PRODUCT = YES;
			};
			name = Release;
		};
		D531A3FE2C220A9700956E9A /* Debug */ = {
			isa = XCBuildConfiguration;
			baseConfigurationReference = 96507D420BCFD0A99C4A7AA3 /* Pods-BirthdayReminder.debug.xcconfig */;
			buildSettings = {
				ASSETCATALOG_COMPILER_APPICON_NAME = AppIcon;
				ASSETCATALOG_COMPILER_GLOBAL_ACCENT_COLOR_NAME = AccentColor;
				CODE_SIGN_STYLE = Automatic;
				CURRENT_PROJECT_VERSION = 1;
				DEVELOPMENT_TEAM = "";
				ENABLE_USER_SCRIPT_SANDBOXING = NO;
				GENERATE_INFOPLIST_FILE = YES;
				INFOPLIST_FILE = BirthdayReminder/Info.plist;
				INFOPLIST_KEY_UIApplicationSupportsIndirectInputEvents = YES;
				INFOPLIST_KEY_UILaunchStoryboardName = LaunchScreen;
				INFOPLIST_KEY_UIMainStoryboardFile = Main;
				INFOPLIST_KEY_UISupportedInterfaceOrientations_iPad = "UIInterfaceOrientationPortrait UIInterfaceOrientationPortraitUpsideDown UIInterfaceOrientationLandscapeLeft UIInterfaceOrientationLandscapeRight";
				INFOPLIST_KEY_UISupportedInterfaceOrientations_iPhone = "UIInterfaceOrientationPortrait UIInterfaceOrientationLandscapeLeft UIInterfaceOrientationLandscapeRight";
				LD_RUNPATH_SEARCH_PATHS = (
					"$(inherited)",
					"@executable_path/Frameworks",
				);
				MARKETING_VERSION = 1.0;
				PRODUCT_BUNDLE_IDENTIFIER = test.BirthdayReminder;
				PRODUCT_NAME = "$(TARGET_NAME)";
				SWIFT_EMIT_LOC_STRINGS = YES;
				SWIFT_VERSION = 5.0;
				TARGETED_DEVICE_FAMILY = "1,2";
			};
			name = Debug;
		};
		D531A3FF2C220A9700956E9A /* Release */ = {
			isa = XCBuildConfiguration;
			baseConfigurationReference = 316F71675379E50E6456F6D5 /* Pods-BirthdayReminder.release.xcconfig */;
			buildSettings = {
				ASSETCATALOG_COMPILER_APPICON_NAME = AppIcon;
				ASSETCATALOG_COMPILER_GLOBAL_ACCENT_COLOR_NAME = AccentColor;
				CODE_SIGN_STYLE = Automatic;
				CURRENT_PROJECT_VERSION = 1;
				DEVELOPMENT_TEAM = "";
				ENABLE_USER_SCRIPT_SANDBOXING = NO;
				GENERATE_INFOPLIST_FILE = YES;
				INFOPLIST_FILE = BirthdayReminder/Info.plist;
				INFOPLIST_KEY_UIApplicationSupportsIndirectInputEvents = YES;
				INFOPLIST_KEY_UILaunchStoryboardName = LaunchScreen;
				INFOPLIST_KEY_UIMainStoryboardFile = Main;
				INFOPLIST_KEY_UISupportedInterfaceOrientations_iPad = "UIInterfaceOrientationPortrait UIInterfaceOrientationPortraitUpsideDown UIInterfaceOrientationLandscapeLeft UIInterfaceOrientationLandscapeRight";
				INFOPLIST_KEY_UISupportedInterfaceOrientations_iPhone = "UIInterfaceOrientationPortrait UIInterfaceOrientationLandscapeLeft UIInterfaceOrientationLandscapeRight";
				LD_RUNPATH_SEARCH_PATHS = (
					"$(inherited)",
					"@executable_path/Frameworks",
				);
				MARKETING_VERSION = 1.0;
				PRODUCT_BUNDLE_IDENTIFIER = test.BirthdayReminder;
				PRODUCT_NAME = "$(TARGET_NAME)";
				SWIFT_EMIT_LOC_STRINGS = YES;
				SWIFT_VERSION = 5.0;
				TARGETED_DEVICE_FAMILY = "1,2";
			};
			name = Release;
		};
		D531A4012C220A9700956E9A /* Debug */ = {
			isa = XCBuildConfiguration;
			baseConfigurationReference = D596C83843272D7A5B7DF2B7 /* Pods-BirthdayReminderTests.debug.xcconfig */;
			buildSettings = {
				ALWAYS_EMBED_SWIFT_STANDARD_LIBRARIES = YES;
				BUNDLE_LOADER = "$(TEST_HOST)";
				CODE_SIGN_STYLE = Automatic;
				CURRENT_PROJECT_VERSION = 1;
				DEVELOPMENT_TEAM = Z5S2233RU5;
				GENERATE_INFOPLIST_FILE = YES;
				IPHONEOS_DEPLOYMENT_TARGET = 17.0;
				MARKETING_VERSION = 1.0;
				PRODUCT_BUNDLE_IDENTIFIER = test.BirthdayReminderTests;
				PRODUCT_NAME = "$(TARGET_NAME)";
				SWIFT_EMIT_LOC_STRINGS = NO;
				SWIFT_VERSION = 5.0;
				TARGETED_DEVICE_FAMILY = "1,2";
				TEST_HOST = "$(BUILT_PRODUCTS_DIR)/BirthdayReminder.app/$(BUNDLE_EXECUTABLE_FOLDER_PATH)/BirthdayReminder";
			};
			name = Debug;
		};
		D531A4022C220A9700956E9A /* Release */ = {
			isa = XCBuildConfiguration;
			baseConfigurationReference = E8EAFAC7745134D2A3DD2E7A /* Pods-BirthdayReminderTests.release.xcconfig */;
			buildSettings = {
				ALWAYS_EMBED_SWIFT_STANDARD_LIBRARIES = YES;
				BUNDLE_LOADER = "$(TEST_HOST)";
				CODE_SIGN_STYLE = Automatic;
				CURRENT_PROJECT_VERSION = 1;
				DEVELOPMENT_TEAM = Z5S2233RU5;
				GENERATE_INFOPLIST_FILE = YES;
				IPHONEOS_DEPLOYMENT_TARGET = 17.0;
				MARKETING_VERSION = 1.0;
				PRODUCT_BUNDLE_IDENTIFIER = test.BirthdayReminderTests;
				PRODUCT_NAME = "$(TARGET_NAME)";
				SWIFT_EMIT_LOC_STRINGS = NO;
				SWIFT_VERSION = 5.0;
				TARGETED_DEVICE_FAMILY = "1,2";
				TEST_HOST = "$(BUILT_PRODUCTS_DIR)/BirthdayReminder.app/$(BUNDLE_EXECUTABLE_FOLDER_PATH)/BirthdayReminder";
			};
			name = Release;
		};
		D531A4042C220A9700956E9A /* Debug */ = {
			isa = XCBuildConfiguration;
			baseConfigurationReference = FB76610F82F91D9BB4981591 /* Pods-BirthdayReminder-BirthdayReminderUITests.debug.xcconfig */;
			buildSettings = {
				ALWAYS_EMBED_SWIFT_STANDARD_LIBRARIES = YES;
				CODE_SIGN_STYLE = Automatic;
				CURRENT_PROJECT_VERSION = 1;
				DEVELOPMENT_TEAM = Z5S2233RU5;
				GENERATE_INFOPLIST_FILE = YES;
				MARKETING_VERSION = 1.0;
				PRODUCT_BUNDLE_IDENTIFIER = test.BirthdayReminderUITests;
				PRODUCT_NAME = "$(TARGET_NAME)";
				SWIFT_EMIT_LOC_STRINGS = NO;
				SWIFT_VERSION = 5.0;
				TARGETED_DEVICE_FAMILY = "1,2";
				TEST_TARGET_NAME = BirthdayReminder;
			};
			name = Debug;
		};
		D531A4052C220A9700956E9A /* Release */ = {
			isa = XCBuildConfiguration;
			baseConfigurationReference = 1B03AEF21D3D90456658C01B /* Pods-BirthdayReminder-BirthdayReminderUITests.release.xcconfig */;
			buildSettings = {
				ALWAYS_EMBED_SWIFT_STANDARD_LIBRARIES = YES;
				CODE_SIGN_STYLE = Automatic;
				CURRENT_PROJECT_VERSION = 1;
				DEVELOPMENT_TEAM = Z5S2233RU5;
				GENERATE_INFOPLIST_FILE = YES;
				MARKETING_VERSION = 1.0;
				PRODUCT_BUNDLE_IDENTIFIER = test.BirthdayReminderUITests;
				PRODUCT_NAME = "$(TARGET_NAME)";
				SWIFT_EMIT_LOC_STRINGS = NO;
				SWIFT_VERSION = 5.0;
				TARGETED_DEVICE_FAMILY = "1,2";
				TEST_TARGET_NAME = BirthdayReminder;
			};
			name = Release;
		};
/* End XCBuildConfiguration section */

/* Begin XCConfigurationList section */
		D531A3CB2C220A9600956E9A /* Build configuration list for PBXProject "BirthdayReminder" */ = {
			isa = XCConfigurationList;
			buildConfigurations = (
				D531A3FB2C220A9700956E9A /* Debug */,
				D531A3FC2C220A9700956E9A /* Release */,
			);
			defaultConfigurationIsVisible = 0;
			defaultConfigurationName = Release;
		};
		D531A3FD2C220A9700956E9A /* Build configuration list for PBXNativeTarget "BirthdayReminder" */ = {
			isa = XCConfigurationList;
			buildConfigurations = (
				D531A3FE2C220A9700956E9A /* Debug */,
				D531A3FF2C220A9700956E9A /* Release */,
			);
			defaultConfigurationIsVisible = 0;
			defaultConfigurationName = Release;
		};
		D531A4002C220A9700956E9A /* Build configuration list for PBXNativeTarget "BirthdayReminderTests" */ = {
			isa = XCConfigurationList;
			buildConfigurations = (
				D531A4012C220A9700956E9A /* Debug */,
				D531A4022C220A9700956E9A /* Release */,
			);
			defaultConfigurationIsVisible = 0;
			defaultConfigurationName = Release;
		};
		D531A4032C220A9700956E9A /* Build configuration list for PBXNativeTarget "BirthdayReminderUITests" */ = {
			isa = XCConfigurationList;
			buildConfigurations = (
				D531A4042C220A9700956E9A /* Debug */,
				D531A4052C220A9700956E9A /* Release */,
			);
			defaultConfigurationIsVisible = 0;
			defaultConfigurationName = Release;
		};
/* End XCConfigurationList section */

/* Begin XCVersionGroup section */
		D531A3DC2C220A9600956E9A /* BirthdayReminder.xcdatamodeld */ = {
			isa = XCVersionGroup;
			children = (
				D531A3DD2C220A9600956E9A /* BirthdayReminder.xcdatamodel */,
			);
			currentVersion = D531A3DD2C220A9600956E9A /* BirthdayReminder.xcdatamodel */;
			path = BirthdayReminder.xcdatamodeld;
			sourceTree = "<group>";
			versionGroupType = wrapper.xcdatamodel;
		};
/* End XCVersionGroup section */
	};
	rootObject = D531A3C82C220A9600956E9A /* Project object */;
}
